<?xml version="1.0" encoding="utf-8"?>
<Project ToolsVersion="4.0" xmlns="http://schemas.microsoft.com/developer/msbuild/2003">
  <ItemGroup>
    <Filter Include="Source Files">
      <UniqueIdentifier>{4FC737F1-C7A5-4376-A066-2A32D752A2FF}</UniqueIdentifier>
      <Extensions>cpp;c;cc;cxx;c++;cppm;ixx;def;odl;idl;hpj;bat;asm;asmx</Extensions>
    </Filter>
    <Filter Include="Header Files">
      <UniqueIdentifier>{93995380-89BD-4b04-88EB-625FBE52EBFB}</UniqueIdentifier>
      <Extensions>h;hh;hpp;hxx;h++;hm;inl;inc;ipp;xsd</Extensions>
    </Filter>
    <Filter Include="Resource Files">
      <UniqueIdentifier>{67DA6AB6-F800-4c08-8B7A-83BB121AAD01}</UniqueIdentifier>
      <Extensions>rc;ico;cur;bmp;dlg;rc2;rct;bin;rgs;gif;jpg;jpeg;jpe;resx;tiff;tif;png;wav;mfcribbon-ms</Extensions>
    </Filter>
    <Filter Include="Hack">
      <UniqueIdentifier>{1e42e82e-7d3b-49f6-af69-f91eb31d1319}</UniqueIdentifier>
    </Filter>
    <Filter Include="Hack\Hooks">
      <UniqueIdentifier>{3e434f6f-d767-400b-a457-fefd6307068b}</UniqueIdentifier>
    </Filter>
    <Filter Include="imgui">
      <UniqueIdentifier>{5c3c1e81-e236-4063-aade-bf893b4a031b}</UniqueIdentifier>
    </Filter>
    <Filter Include="imgui\misc">
      <UniqueIdentifier>{96f51b1f-8247-4a4e-8239-777d53e2f1ce}</UniqueIdentifier>
    </Filter>
    <Filter Include="imgui\misc\freetype">
      <UniqueIdentifier>{b6dbc8e8-4f89-4da7-bf51-56871b325638}</UniqueIdentifier>
    </Filter>
    <Filter Include="Menu">
      <UniqueIdentifier>{50260cb5-8a79-4bd0-908c-ce8b61341d82}</UniqueIdentifier>
    </Filter>
    <Filter Include="imgui\architect">
      <UniqueIdentifier>{ac6b553c-83b9-4f46-904d-45be31f29369}</UniqueIdentifier>
    </Filter>
    <Filter Include="Hack\ESP">
      <UniqueIdentifier>{ae4941df-a60a-4351-93ef-8f8bc5f50b5c}</UniqueIdentifier>
    </Filter>
    <Filter Include="ASDK">
      <UniqueIdentifier>{bd80542b-4d1f-4566-9466-b4b908352252}</UniqueIdentifier>
    </Filter>
    <Filter Include="ASDK\CBaseEntity">
      <UniqueIdentifier>{34dd34d5-2987-4cbd-b185-86e342e365ac}</UniqueIdentifier>
    </Filter>
    <Filter Include="Utils">
      <UniqueIdentifier>{13bd1705-7d13-4b83-bbc6-b47760d18a18}</UniqueIdentifier>
    </Filter>
    <Filter Include="Threads">
      <UniqueIdentifier>{7b15786c-53c1-4fce-be40-db503c85cddc}</UniqueIdentifier>
    </Filter>
    <Filter Include="Globals">
      <UniqueIdentifier>{9326dfca-08ca-4995-8a2a-ec7da1008a08}</UniqueIdentifier>
    </Filter>
    <Filter Include="Settings">
      <UniqueIdentifier>{aef795dd-7d34-4855-b85b-6992d56483c3}</UniqueIdentifier>
    </Filter>
  </ItemGroup>
  <ItemGroup>
    <ClCompile Include="main.cpp">
      <Filter>Source Files</Filter>
    </ClCompile>
    <ClCompile Include="Hack\Hooks\Hooks.cpp">
      <Filter>Hack\Hooks</Filter>
    </ClCompile>
    <ClCompile Include="imgui\imgui.cpp">
      <Filter>imgui</Filter>
    </ClCompile>
    <ClCompile Include="imgui\imgui_demo.cpp">
      <Filter>imgui</Filter>
    </ClCompile>
    <ClCompile Include="imgui\imgui_draw.cpp">
      <Filter>imgui</Filter>
    </ClCompile>
    <ClCompile Include="imgui\imgui_impl_dx11.cpp">
      <Filter>imgui</Filter>
    </ClCompile>
    <ClCompile Include="imgui\imgui_impl_win32.cpp">
      <Filter>imgui</Filter>
    </ClCompile>
    <ClCompile Include="imgui\imgui_tables.cpp">
      <Filter>imgui</Filter>
    </ClCompile>
    <ClCompile Include="imgui\imgui_widgets.cpp">
      <Filter>imgui</Filter>
    </ClCompile>
    <ClCompile Include="imgui\misc\freetype\imgui_freetype.cpp">
      <Filter>imgui\misc\freetype</Filter>
    </ClCompile>
    <ClCompile Include="Menu\Overlay.cpp">
      <Filter>Menu</Filter>
    </ClCompile>
    <ClCompile Include="imgui\architect\ArchitectImGuiDrawList.cpp">
      <Filter>imgui\architect</Filter>
    </ClCompile>
    <ClCompile Include="Hack\ESP\CEspDrawer.cpp">
      <Filter>Hack\ESP</Filter>
    </ClCompile>
    <ClCompile Include="ASDK\CBaseEntity.cpp">
      <Filter>ASDK\CBaseEntity</Filter>
    </ClCompile>
    <ClCompile Include="Threads\Threads.cpp">
      <Filter>Threads</Filter>
    </ClCompile>
  </ItemGroup>
  <ItemGroup>
    <ClInclude Include="Hack\Hooks\Hooks.h">
      <Filter>Hack\Hooks</Filter>
    </ClInclude>
    <ClInclude Include="imgui\imconfig.h">
      <Filter>imgui</Filter>
    </ClInclude>
    <ClInclude Include="imgui\imgui.h">
      <Filter>imgui</Filter>
    </ClInclude>
    <ClInclude Include="imgui\imgui_impl_dx11.h">
      <Filter>imgui</Filter>
    </ClInclude>
    <ClInclude Include="imgui\imgui_impl_win32.h">
      <Filter>imgui</Filter>
    </ClInclude>
    <ClInclude Include="imgui\imgui_internal.h">
      <Filter>imgui</Filter>
    </ClInclude>
    <ClInclude Include="imgui\imstb_rectpack.h">
      <Filter>imgui</Filter>
    </ClInclude>
    <ClInclude Include="imgui\imstb_textedit.h">
      <Filter>imgui</Filter>
    </ClInclude>
    <ClInclude Include="imgui\imstb_truetype.h">
      <Filter>imgui</Filter>
    </ClInclude>
    <ClInclude Include="imgui\misc\freetype\imgui_freetype.h">
      <Filter>imgui\misc\freetype</Filter>
    </ClInclude>
    <ClInclude Include="imgui\misc\freetype\imstb_rectpack.h">
      <Filter>imgui\misc\freetype</Filter>
    </ClInclude>
    <ClInclude Include="Menu\Overlay.h">
      <Filter>Menu</Filter>
    </ClInclude>
    <ClInclude Include="imgui\architect\ArchitectImGuiDrawList.h">
      <Filter>imgui\architect</Filter>
    </ClInclude>
    <ClInclude Include="Hack\ESP\CEspDrawer.h">
      <Filter>Hack\ESP</Filter>
    </ClInclude>
    <ClInclude Include="ASDK\CBaseEntity.h">
      <Filter>ASDK\CBaseEntity</Filter>
    </ClInclude>
    <ClInclude Include="ASDK\Padding.h">
      <Filter>ASDK</Filter>
    </ClInclude>
    <ClInclude Include="Utils\ImVec3.h">
      <Filter>Utils</Filter>
    </ClInclude>
    <ClInclude Include="Utils\Matrix4x4.h">
      <Filter>Utils</Filter>
    </ClInclude>
    <ClInclude Include="ASDK\R5Apex.h">
      <Filter>ASDK</Filter>
    </ClInclude>
    <ClInclude Include="Threads\Threads.h">
      <Filter>Threads</Filter>
    </ClInclude>
    <ClInclude Include="Globals\GlobalVars.h">
      <Filter>Globals</Filter>
    </ClInclude>
    <ClInclude Include="ASDK\CLocalPlayer.h">
      <Filter>ASDK\CBaseEntity</Filter>
    </ClInclude>
    <ClInclude Include="Settings\Settings.h">
      <Filter>Settings</Filter>
    </ClInclude>
  </ItemGroup>
</Project>